
Microsoft Visual Studio Solution File, Format Version 12.00
# Visual Studio Version 17
VisualStudioVersion = 17.10.35013.160
MinimumVisualStudioVersion = 10.0.40219.1
Project("{FAE04EC0-301F-11D3-BF4B-00C04F79EFBC}") = "Wuestion7", "Wuestion7.csproj", "{29635467-3B97-4A6F-B64D-765E0B818159}"
EndProject
Global
	GlobalSection(SolutionConfigurationPlatforms) = preSolution
		Debug|Any CPU = Debug|Any CPU
		Release|Any CPU = Release|Any CPU
	EndGlobalSection
	GlobalSection(ProjectConfigurationPlatforms) = postSolution
		{29635467-3B97-4A6F-B64D-765E0B818159}.Debug|Any CPU.ActiveCfg = Debug|Any CPU
		{29635467-3B97-4A6F-B64D-765E0B818159}.Debug|Any CPU.Build.0 = Debug|Any CPU
		{29635467-3B97-4A6F-B64D-765E0B818159}.Release|Any CPU.ActiveCfg = Release|Any CPU
		{29635467-3B97-4A6F-B64D-765E0B818159}.Release|Any CPU.Build.0 = Release|Any CPU
	EndGlobalSection
	GlobalSection(SolutionProperties) = preSolution
		HideSolutionNode = FALSE
	EndGlobalSection
	GlobalSection(ExtensibilityGlobals) = postSolution
		SolutionGuid = {B9907A6A-653F-4C74-8217-B8E996EE33D9}
	EndGlobalSection
EndGlobal
