
Microsoft Visual Studio Solution File, Format Version 12.00
# Visual Studio Version 17
VisualStudioVersion = 17.10.35013.160
MinimumVisualStudioVersion = 10.0.40219.1
Project("{FAE04EC0-301F-11D3-BF4B-00C04F79EFBC}") = "Question9", "Question9.csproj", "{CBC8F027-CDB3-4B2C-BC88-CC9CA019290C}"
EndProject
Global
	GlobalSection(SolutionConfigurationPlatforms) = preSolution
		Debug|Any CPU = Debug|Any CPU
		Release|Any CPU = Release|Any CPU
	EndGlobalSection
	GlobalSection(ProjectConfigurationPlatforms) = postSolution
		{CBC8F027-CDB3-4B2C-BC88-CC9CA019290C}.Debug|Any CPU.ActiveCfg = Debug|Any CPU
		{CBC8F027-CDB3-4B2C-BC88-CC9CA019290C}.Debug|Any CPU.Build.0 = Debug|Any CPU
		{CBC8F027-CDB3-4B2C-BC88-CC9CA019290C}.Release|Any CPU.ActiveCfg = Release|Any CPU
		{CBC8F027-CDB3-4B2C-BC88-CC9CA019290C}.Release|Any CPU.Build.0 = Release|Any CPU
	EndGlobalSection
	GlobalSection(SolutionProperties) = preSolution
		HideSolutionNode = FALSE
	EndGlobalSection
	GlobalSection(ExtensibilityGlobals) = postSolution
		SolutionGuid = {64BCB75D-AE36-4433-9770-4D25451AF93F}
	EndGlobalSection
EndGlobal
